
Microsoft Visual Studio Solution File, Format Version 12.00
# Visual Studio Version 17
VisualStudioVersion = 17.7.34018.315
MinimumVisualStudioVersion = 10.0.40219.1
Project("{FAE04EC0-301F-11D3-BF4B-00C04F79EFBC}") = "AdventOfCode3", "AdventOfCode3\AdventOfCode3.csproj", "{7463F05F-962E-4BCE-B7C7-63A8B865EEEE}"
EndProject
Global
	GlobalSection(SolutionConfigurationPlatforms) = preSolution
		Debug|Any CPU = Debug|Any CPU
		Release|Any CPU = Release|Any CPU
	EndGlobalSection
	GlobalSection(ProjectConfigurationPlatforms) = postSolution
		{7463F05F-962E-4BCE-B7C7-63A8B865EEEE}.Debug|Any CPU.ActiveCfg = Debug|Any CPU
		{7463F05F-962E-4BCE-B7C7-63A8B865EEEE}.Debug|Any CPU.Build.0 = Debug|Any CPU
		{7463F05F-962E-4BCE-B7C7-63A8B865EEEE}.Release|Any CPU.ActiveCfg = Release|Any CPU
		{7463F05F-962E-4BCE-B7C7-63A8B865EEEE}.Release|Any CPU.Build.0 = Release|Any CPU
	EndGlobalSection
	GlobalSection(SolutionProperties) = preSolution
		HideSolutionNode = FALSE
	EndGlobalSection
	GlobalSection(ExtensibilityGlobals) = postSolution
		SolutionGuid = {5C92C843-56DB-4A68-86A2-88B64CFFEC2E}
	EndGlobalSection
EndGlobal
